Microsoft Visual Studio Solution File, Format Version 12.00
# Visual Studio Version 16
VisualStudioVersion = 16.0.30011.22
MinimumVisualStudioVersion = 10.0.40219.1
Project("{2150E333-8FDC-42A3-9474-1A3956D46DE8}") = "src", "src", "{F6DB1B66-8A4B-421E-81F2-DB00EF468B59}"
EndProject
Project("{9A19103F-16F7-4668-BE54-9A1E7A4F7556}") = "JoyMoe.Common.Attributes", "src\JoyMoe.Common.Attributes\JoyMoe.Common.Attributes.csproj", "{0136718C-081D-4375-9159-CB17B2B17E31}"
EndProject
Project("{9A19103F-16F7-4668-BE54-9A1E7A4F7556}") = "JoyMoe.Common.Data", "src\JoyMoe.Common.Data\JoyMoe.Common.Data.csproj", "{765603AD-0AFD-4B87-8AF4-E4833EC1DCD1}"
EndProject
Project("{9A19103F-16F7-4668-BE54-9A1E7A4F7556}") = "JoyMoe.Common.Data.EFCore", "src\JoyMoe.Common.Data.EFCore\JoyMoe.Common.Data.EFCore.csproj", "{3359D789-BF67-486A-8226-FB53560D3690}"
EndProject
Project("{9A19103F-16F7-4668-BE54-9A1E7A4F7556}") = "JoyMoe.Common.Json", "src\JoyMoe.Common.Json\JoyMoe.Common.Json.csproj", "{98C0BC6A-A0C9-48D0-AC40-A03A62F70FC9}"
EndProject
Project("{9A19103F-16F7-4668-BE54-9A1E7A4F7556}") = "JoyMoe.Common.Mvc.Api", "src\JoyMoe.Common.Mvc.Api\JoyMoe.Common.Mvc.Api.csproj", "{09B61604-E3D9-462A-8487-167AB44C5707}"
EndProject
Project("{9A19103F-16F7-4668-BE54-9A1E7A4F7556}") = "JoyMoe.Common.Session", "src\JoyMoe.Common.Session\JoyMoe.Common.Session.csproj", "{2BD0CD7D-04A3-40A7-93D2-3FC8C75674BF}"
EndProject
Project("{9A19103F-16F7-4668-BE54-9A1E7A4F7556}") = "JoyMoe.Common.Session.Repository", "src\JoyMoe.Common.Session.Repository\JoyMoe.Common.Session.Repository.csproj", "{3FE883F8-CE05-461E-B5C1-4325D5DC1E8B}"
EndProject
Project("{9A19103F-16F7-4668-BE54-9A1E7A4F7556}") = "JoyMoe.Common.Storage", "src\JoyMoe.Common.Storage\JoyMoe.Common.Storage.csproj", "{680CBAA4-FFB1-4596-BEE4-CB11F3F7E163}"
EndProject
Project("{9A19103F-16F7-4668-BE54-9A1E7A4F7556}") = "JoyMoe.Common.Storage.QCloud", "src\JoyMoe.Common.Storage.QCloud\JoyMoe.Common.Storage.QCloud.csproj", "{747802B5-FB5B-4E6E-9E88-CDF59340C7FB}"
EndProject
Project("{9A19103F-16F7-4668-BE54-9A1E7A4F7556}") = "JoyMoe.Common.Storage.S3", "src\JoyMoe.Common.Storage.S3\JoyMoe.Common.Storage.S3.csproj", "{62353106-2735-4E9B-9E16-F13811BFC5E5}"
EndProject
Project("{9A19103F-16F7-4668-BE54-9A1E7A4F7556}") = "JoyMoe.Common.Workflow", "src\JoyMoe.Common.Workflow\JoyMoe.Common.Workflow.csproj", "{1DE0E855-B12F-422E-9BB5-150442B3D2B4}"
EndProject
Project("{2150E333-8FDC-42A3-9474-1A3956D46DE8}") = "tests", "tests", "{CDA5D56F-9052-40BC-98F1-48F04980EAD2}"
EndProject
Project("{9A19103F-16F7-4668-BE54-9A1E7A4F7556}") = "JoyMoe.Common.Json.Tests", "tests\JoyMoe.Common.Json.Tests\JoyMoe.Common.Json.Tests.csproj", "{69CCAF7D-8613-43DB-9760-3DFF0088FF45}"
EndProject
Project("{9A19103F-16F7-4668-BE54-9A1E7A4F7556}") = "JoyMoe.Common.Storage.QCloud.Tests", "tests\JoyMoe.Common.Storage.QCloud.Tests\JoyMoe.Common.Storage.QCloud.Tests.csproj", "{BE6D96C6-8093-4757-9C40-2FFA7152BD86}"
EndProject
Project("{9A19103F-16F7-4668-BE54-9A1E7A4F7556}") = "JoyMoe.Common.Storage.S3.Tests", "tests\JoyMoe.Common.Storage.S3.Tests\JoyMoe.Common.Storage.S3.Tests.csproj", "{C5A02DEB-3B2D-4CCF-B600-6AB3A35A09FA}"
EndProject
Global
	GlobalSection(SolutionConfigurationPlatforms) = preSolution
		Debug|Any CPU = Debug|Any CPU
		Release|Any CPU = Release|Any CPU
	EndGlobalSection
	GlobalSection(ProjectConfigurationPlatforms) = postSolution
		{0136718C-081D-4375-9159-CB17B2B17E31}.Debug|Any CPU.ActiveCfg = Debug|Any CPU
		{0136718C-081D-4375-9159-CB17B2B17E31}.Debug|Any CPU.Build.0 = Debug|Any CPU
		{0136718C-081D-4375-9159-CB17B2B17E31}.Release|Any CPU.ActiveCfg = Release|Any CPU
		{0136718C-081D-4375-9159-CB17B2B17E31}.Release|Any CPU.Build.0 = Release|Any CPU
		{765603AD-0AFD-4B87-8AF4-E4833EC1DCD1}.Debug|Any CPU.ActiveCfg = Debug|Any CPU
		{765603AD-0AFD-4B87-8AF4-E4833EC1DCD1}.Debug|Any CPU.Build.0 = Debug|Any CPU
		{765603AD-0AFD-4B87-8AF4-E4833EC1DCD1}.Release|Any CPU.ActiveCfg = Release|Any CPU
		{765603AD-0AFD-4B87-8AF4-E4833EC1DCD1}.Release|Any CPU.Build.0 = Release|Any CPU
		{3359D789-BF67-486A-8226-FB53560D3690}.Debug|Any CPU.ActiveCfg = Debug|Any CPU
		{3359D789-BF67-486A-8226-FB53560D3690}.Debug|Any CPU.Build.0 = Debug|Any CPU
		{3359D789-BF67-486A-8226-FB53560D3690}.Release|Any CPU.ActiveCfg = Release|Any CPU
		{3359D789-BF67-486A-8226-FB53560D3690}.Release|Any CPU.Build.0 = Release|Any CPU
		{98C0BC6A-A0C9-48D0-AC40-A03A62F70FC9}.Debug|Any CPU.ActiveCfg = Debug|Any CPU
		{98C0BC6A-A0C9-48D0-AC40-A03A62F70FC9}.Debug|Any CPU.Build.0 = Debug|Any CPU
		{98C0BC6A-A0C9-48D0-AC40-A03A62F70FC9}.Release|Any CPU.ActiveCfg = Release|Any CPU
		{98C0BC6A-A0C9-48D0-AC40-A03A62F70FC9}.Release|Any CPU.Build.0 = Release|Any CPU
		{09B61604-E3D9-462A-8487-167AB44C5707}.Debug|Any CPU.ActiveCfg = Debug|Any CPU
		{09B61604-E3D9-462A-8487-167AB44C5707}.Debug|Any CPU.Build.0 = Debug|Any CPU
		{09B61604-E3D9-462A-8487-167AB44C5707}.Release|Any CPU.ActiveCfg = Release|Any CPU
		{09B61604-E3D9-462A-8487-167AB44C5707}.Release|Any CPU.Build.0 = Release|Any CPU
		{2BD0CD7D-04A3-40A7-93D2-3FC8C75674BF}.Debug|Any CPU.ActiveCfg = Debug|Any CPU
		{2BD0CD7D-04A3-40A7-93D2-3FC8C75674BF}.Debug|Any CPU.Build.0 = Debug|Any CPU
		{2BD0CD7D-04A3-40A7-93D2-3FC8C75674BF}.Release|Any CPU.ActiveCfg = Release|Any CPU
		{2BD0CD7D-04A3-40A7-93D2-3FC8C75674BF}.Release|Any CPU.Build.0 = Release|Any CPU
		{3FE883F8-CE05-461E-B5C1-4325D5DC1E8B}.Debug|Any CPU.ActiveCfg = Debug|Any CPU
		{3FE883F8-CE05-461E-B5C1-4325D5DC1E8B}.Debug|Any CPU.Build.0 = Debug|Any CPU
		{3FE883F8-CE05-461E-B5C1-4325D5DC1E8B}.Release|Any CPU.ActiveCfg = Release|Any CPU
		{3FE883F8-CE05-461E-B5C1-4325D5DC1E8B}.Release|Any CPU.Build.0 = Release|Any CPU
		{680CBAA4-FFB1-4596-BEE4-CB11F3F7E163}.Debug|Any CPU.ActiveCfg = Debug|Any CPU
		{680CBAA4-FFB1-4596-BEE4-CB11F3F7E163}.Debug|Any CPU.Build.0 = Debug|Any CPU
		{680CBAA4-FFB1-4596-BEE4-CB11F3F7E163}.Release|Any CPU.ActiveCfg = Release|Any CPU
		{680CBAA4-FFB1-4596-BEE4-CB11F3F7E163}.Release|Any CPU.Build.0 = Release|Any CPU
		{747802B5-FB5B-4E6E-9E88-CDF59340C7FB}.Debug|Any CPU.ActiveCfg = Debug|Any CPU
		{747802B5-FB5B-4E6E-9E88-CDF59340C7FB}.Debug|Any CPU.Build.0 = Debug|Any CPU
		{747802B5-FB5B-4E6E-9E88-CDF59340C7FB}.Release|Any CPU.ActiveCfg = Release|Any CPU
		{747802B5-FB5B-4E6E-9E88-CDF59340C7FB}.Release|Any CPU.Build.0 = Release|Any CPU
		{62353106-2735-4E9B-9E16-F13811BFC5E5}.Debug|Any CPU.ActiveCfg = Debug|Any CPU
		{62353106-2735-4E9B-9E16-F13811BFC5E5}.Debug|Any CPU.Build.0 = Debug|Any CPU
		{62353106-2735-4E9B-9E16-F13811BFC5E5}.Release|Any CPU.ActiveCfg = Release|Any CPU
		{62353106-2735-4E9B-9E16-F13811BFC5E5}.Release|Any CPU.Build.0 = Release|Any CPU
		{1DE0E855-B12F-422E-9BB5-150442B3D2B4}.Debug|Any CPU.ActiveCfg = Debug|Any CPU
		{1DE0E855-B12F-422E-9BB5-150442B3D2B4}.Debug|Any CPU.Build.0 = Debug|Any CPU
		{1DE0E855-B12F-422E-9BB5-150442B3D2B4}.Release|Any CPU.ActiveCfg = Release|Any CPU
		{1DE0E855-B12F-422E-9BB5-150442B3D2B4}.Release|Any CPU.Build.0 = Release|Any CPU
		{69CCAF7D-8613-43DB-9760-3DFF0088FF45}.Debug|Any CPU.ActiveCfg = Debug|Any CPU
		{69CCAF7D-8613-43DB-9760-3DFF0088FF45}.Debug|Any CPU.Build.0 = Debug|Any CPU
		{69CCAF7D-8613-43DB-9760-3DFF0088FF45}.Release|Any CPU.ActiveCfg = Release|Any CPU
		{69CCAF7D-8613-43DB-9760-3DFF0088FF45}.Release|Any CPU.Build.0 = Release|Any CPU
		{BE6D96C6-8093-4757-9C40-2FFA7152BD86}.Debug|Any CPU.ActiveCfg = Debug|Any CPU
		{BE6D96C6-8093-4757-9C40-2FFA7152BD86}.Debug|Any CPU.Build.0 = Debug|Any CPU
		{BE6D96C6-8093-4757-9C40-2FFA7152BD86}.Release|Any CPU.ActiveCfg = Release|Any CPU
		{BE6D96C6-8093-4757-9C40-2FFA7152BD86}.Release|Any CPU.Build.0 = Release|Any CPU
		{C5A02DEB-3B2D-4CCF-B600-6AB3A35A09FA}.Debug|Any CPU.ActiveCfg = Debug|Any CPU
		{C5A02DEB-3B2D-4CCF-B600-6AB3A35A09FA}.Debug|Any CPU.Build.0 = Debug|Any CPU
		{C5A02DEB-3B2D-4CCF-B600-6AB3A35A09FA}.Release|Any CPU.ActiveCfg = Release|Any CPU
		{C5A02DEB-3B2D-4CCF-B600-6AB3A35A09FA}.Release|Any CPU.Build.0 = Release|Any CPU
	EndGlobalSection
	GlobalSection(SolutionProperties) = preSolution
		HideSolutionNode = FALSE
	EndGlobalSection
	GlobalSection(NestedProjects) = preSolution
		{0136718C-081D-4375-9159-CB17B2B17E31} = {F6DB1B66-8A4B-421E-81F2-DB00EF468B59}
		{765603AD-0AFD-4B87-8AF4-E4833EC1DCD1} = {F6DB1B66-8A4B-421E-81F2-DB00EF468B59}
		{3359D789-BF67-486A-8226-FB53560D3690} = {F6DB1B66-8A4B-421E-81F2-DB00EF468B59}
		{98C0BC6A-A0C9-48D0-AC40-A03A62F70FC9} = {F6DB1B66-8A4B-421E-81F2-DB00EF468B59}
		{09B61604-E3D9-462A-8487-167AB44C5707} = {F6DB1B66-8A4B-421E-81F2-DB00EF468B59}
		{2BD0CD7D-04A3-40A7-93D2-3FC8C75674BF} = {F6DB1B66-8A4B-421E-81F2-DB00EF468B59}
		{3FE883F8-CE05-461E-B5C1-4325D5DC1E8B} = {F6DB1B66-8A4B-421E-81F2-DB00EF468B59}
		{680CBAA4-FFB1-4596-BEE4-CB11F3F7E163} = {F6DB1B66-8A4B-421E-81F2-DB00EF468B59}
		{747802B5-FB5B-4E6E-9E88-CDF59340C7FB} = {F6DB1B66-8A4B-421E-81F2-DB00EF468B59}
		{62353106-2735-4E9B-9E16-F13811BFC5E5} = {F6DB1B66-8A4B-421E-81F2-DB00EF468B59}
		{1DE0E855-B12F-422E-9BB5-150442B3D2B4} = {F6DB1B66-8A4B-421E-81F2-DB00EF468B59}
		{69CCAF7D-8613-43DB-9760-3DFF0088FF45} = {CDA5D56F-9052-40BC-98F1-48F04980EAD2}
		{BE6D96C6-8093-4757-9C40-2FFA7152BD86} = {CDA5D56F-9052-40BC-98F1-48F04980EAD2}
		{C5A02DEB-3B2D-4CCF-B600-6AB3A35A09FA} = {CDA5D56F-9052-40BC-98F1-48F04980EAD2}
	EndGlobalSection
	GlobalSection(ExtensibilityGlobals) = postSolution
		SolutionGuid = {8047892F-B408-4203-B8F7-C7B05E740890}
	EndGlobalSection
EndGlobal
