Microsoft Visual Studio Solution File, Format Version 12.00
# Visual Studio Version 16
VisualStudioVersion = 16.0.30011.22
MinimumVisualStudioVersion = 10.0.40219.1
Project("{2150E333-8FDC-42A3-9474-1A3956D46DE8}") = "src", "src", "{F6DB1B66-8A4B-421E-81F2-DB00EF468B59}"
EndProject
Project("{9A19103F-16F7-4668-BE54-9A1E7A4F7556}") = "JoyMoe.Common.Json", "src\JoyMoe.Common.Json\JoyMoe.Common.Json.csproj", "{47F0D8A5-9B48-4EE5-82D5-F4B7B5F54FE2}"
EndProject
Project("{9A19103F-16F7-4668-BE54-9A1E7A4F7556}") = "JoyMoe.Common.Attributes", "src\JoyMoe.Common.Attributes\JoyMoe.Common.Attributes.csproj", "{3788F596-5A5F-47F9-9C2F-7536A3BD51F9}"
EndProject
Project("{9A19103F-16F7-4668-BE54-9A1E7A4F7556}") = "JoyMoe.Common.Validation", "src\JoyMoe.Common.Validation\JoyMoe.Common.Validation.csproj", "{C113A1A1-029A-43D7-B636-B3082F636910}"
EndProject
Project("{9A19103F-16F7-4668-BE54-9A1E7A4F7556}") = "JoyMoe.Common.Session", "src\JoyMoe.Common.Session\JoyMoe.Common.Session.csproj", "{F4FB76DF-2D0B-4A0C-B926-90E93B829BCB}"
EndProject
Project("{9A19103F-16F7-4668-BE54-9A1E7A4F7556}") = "JoyMoe.Common.Oss", "src\JoyMoe.Common.Oss\JoyMoe.Common.Oss.csproj", "{6745F33A-7E62-4BEA-987A-9E4F31354CD6}"
EndProject
Project("{9A19103F-16F7-4668-BE54-9A1E7A4F7556}") = "JoyMoe.Common.Oss.S3", "src\JoyMoe.Common.Oss.S3\JoyMoe.Common.Oss.S3.csproj", "{0EB02EB4-83A9-4042-9AF6-AA9AEA267EC3}"
EndProject
Project("{9A19103F-16F7-4668-BE54-9A1E7A4F7556}") = "JoyMoe.Common.EntityFrameworkCore", "src\JoyMoe.Common.EntityFrameworkCore\JoyMoe.Common.EntityFrameworkCore.csproj", "{401C6BCA-95ED-41D6-A04E-D3CCE75F7387}"
EndProject
Project("{9A19103F-16F7-4668-BE54-9A1E7A4F7556}") = "JoyMoe.Common.Mvc.Api", "src\JoyMoe.Common.Mvc.Api\JoyMoe.Common.Mvc.Api.csproj", "{EB39537A-1FC4-4F19-98B2-2421F485B805}"
EndProject
Project("{9A19103F-16F7-4668-BE54-9A1E7A4F7556}") = "JoyMoe.Common.EntityFrameworkCore.Identity", "src\JoyMoe.Common.EntityFrameworkCore.Identity\JoyMoe.Common.EntityFrameworkCore.Identity.csproj", "{11F4D885-7DBD-4E24-A320-8E125A717DEC}"
EndProject
Project("{2150E333-8FDC-42A3-9474-1A3956D46DE8}") = "tests", "tests", "{CDA5D56F-9052-40BC-98F1-48F04980EAD2}"
EndProject
Project("{9A19103F-16F7-4668-BE54-9A1E7A4F7556}") = "JoyMoe.Common.Json.Tests", "tests\JoyMoe.Common.Json.Tests\JoyMoe.Common.Json.Tests.csproj", "{5AF28767-E9FA-411A-9B14-CEA09961DEAB}"
EndProject
Project("{9A19103F-16F7-4668-BE54-9A1E7A4F7556}") = "JoyMoe.Common.Workflow", "src\JoyMoe.Common.Workflow\JoyMoe.Common.Workflow.csproj", "{FB4ED184-C60B-4AB5-A94B-0EF5447DFB33}"
EndProject
Global
	GlobalSection(SolutionConfigurationPlatforms) = preSolution
		Debug|Any CPU = Debug|Any CPU
		Release|Any CPU = Release|Any CPU
	EndGlobalSection
	GlobalSection(ProjectConfigurationPlatforms) = postSolution
		{47F0D8A5-9B48-4EE5-82D5-F4B7B5F54FE2}.Debug|Any CPU.ActiveCfg = Debug|Any CPU
		{47F0D8A5-9B48-4EE5-82D5-F4B7B5F54FE2}.Debug|Any CPU.Build.0 = Debug|Any CPU
		{47F0D8A5-9B48-4EE5-82D5-F4B7B5F54FE2}.Release|Any CPU.ActiveCfg = Release|Any CPU
		{47F0D8A5-9B48-4EE5-82D5-F4B7B5F54FE2}.Release|Any CPU.Build.0 = Release|Any CPU
		{3788F596-5A5F-47F9-9C2F-7536A3BD51F9}.Debug|Any CPU.ActiveCfg = Debug|Any CPU
		{3788F596-5A5F-47F9-9C2F-7536A3BD51F9}.Debug|Any CPU.Build.0 = Debug|Any CPU
		{3788F596-5A5F-47F9-9C2F-7536A3BD51F9}.Release|Any CPU.ActiveCfg = Release|Any CPU
		{3788F596-5A5F-47F9-9C2F-7536A3BD51F9}.Release|Any CPU.Build.0 = Release|Any CPU
		{C113A1A1-029A-43D7-B636-B3082F636910}.Debug|Any CPU.ActiveCfg = Debug|Any CPU
		{C113A1A1-029A-43D7-B636-B3082F636910}.Debug|Any CPU.Build.0 = Debug|Any CPU
		{C113A1A1-029A-43D7-B636-B3082F636910}.Release|Any CPU.ActiveCfg = Release|Any CPU
		{C113A1A1-029A-43D7-B636-B3082F636910}.Release|Any CPU.Build.0 = Release|Any CPU
		{F4FB76DF-2D0B-4A0C-B926-90E93B829BCB}.Debug|Any CPU.ActiveCfg = Debug|Any CPU
		{F4FB76DF-2D0B-4A0C-B926-90E93B829BCB}.Debug|Any CPU.Build.0 = Debug|Any CPU
		{F4FB76DF-2D0B-4A0C-B926-90E93B829BCB}.Release|Any CPU.ActiveCfg = Release|Any CPU
		{F4FB76DF-2D0B-4A0C-B926-90E93B829BCB}.Release|Any CPU.Build.0 = Release|Any CPU
		{6745F33A-7E62-4BEA-987A-9E4F31354CD6}.Debug|Any CPU.ActiveCfg = Debug|Any CPU
		{6745F33A-7E62-4BEA-987A-9E4F31354CD6}.Debug|Any CPU.Build.0 = Debug|Any CPU
		{6745F33A-7E62-4BEA-987A-9E4F31354CD6}.Release|Any CPU.ActiveCfg = Release|Any CPU
		{6745F33A-7E62-4BEA-987A-9E4F31354CD6}.Release|Any CPU.Build.0 = Release|Any CPU
		{0EB02EB4-83A9-4042-9AF6-AA9AEA267EC3}.Debug|Any CPU.ActiveCfg = Debug|Any CPU
		{0EB02EB4-83A9-4042-9AF6-AA9AEA267EC3}.Debug|Any CPU.Build.0 = Debug|Any CPU
		{0EB02EB4-83A9-4042-9AF6-AA9AEA267EC3}.Release|Any CPU.ActiveCfg = Release|Any CPU
		{0EB02EB4-83A9-4042-9AF6-AA9AEA267EC3}.Release|Any CPU.Build.0 = Release|Any CPU
		{401C6BCA-95ED-41D6-A04E-D3CCE75F7387}.Debug|Any CPU.ActiveCfg = Debug|Any CPU
		{401C6BCA-95ED-41D6-A04E-D3CCE75F7387}.Debug|Any CPU.Build.0 = Debug|Any CPU
		{401C6BCA-95ED-41D6-A04E-D3CCE75F7387}.Release|Any CPU.ActiveCfg = Release|Any CPU
		{401C6BCA-95ED-41D6-A04E-D3CCE75F7387}.Release|Any CPU.Build.0 = Release|Any CPU
		{EB39537A-1FC4-4F19-98B2-2421F485B805}.Debug|Any CPU.ActiveCfg = Debug|Any CPU
		{EB39537A-1FC4-4F19-98B2-2421F485B805}.Debug|Any CPU.Build.0 = Debug|Any CPU
		{EB39537A-1FC4-4F19-98B2-2421F485B805}.Release|Any CPU.ActiveCfg = Release|Any CPU
		{EB39537A-1FC4-4F19-98B2-2421F485B805}.Release|Any CPU.Build.0 = Release|Any CPU
		{11F4D885-7DBD-4E24-A320-8E125A717DEC}.Debug|Any CPU.ActiveCfg = Debug|Any CPU
		{11F4D885-7DBD-4E24-A320-8E125A717DEC}.Debug|Any CPU.Build.0 = Debug|Any CPU
		{11F4D885-7DBD-4E24-A320-8E125A717DEC}.Release|Any CPU.ActiveCfg = Release|Any CPU
		{11F4D885-7DBD-4E24-A320-8E125A717DEC}.Release|Any CPU.Build.0 = Release|Any CPU
		{5AF28767-E9FA-411A-9B14-CEA09961DEAB}.Debug|Any CPU.ActiveCfg = Debug|Any CPU
		{5AF28767-E9FA-411A-9B14-CEA09961DEAB}.Debug|Any CPU.Build.0 = Debug|Any CPU
		{5AF28767-E9FA-411A-9B14-CEA09961DEAB}.Release|Any CPU.ActiveCfg = Release|Any CPU
		{5AF28767-E9FA-411A-9B14-CEA09961DEAB}.Release|Any CPU.Build.0 = Release|Any CPU
		{FB4ED184-C60B-4AB5-A94B-0EF5447DFB33}.Debug|Any CPU.ActiveCfg = Debug|Any CPU
		{FB4ED184-C60B-4AB5-A94B-0EF5447DFB33}.Debug|Any CPU.Build.0 = Debug|Any CPU
		{FB4ED184-C60B-4AB5-A94B-0EF5447DFB33}.Release|Any CPU.ActiveCfg = Release|Any CPU
		{FB4ED184-C60B-4AB5-A94B-0EF5447DFB33}.Release|Any CPU.Build.0 = Release|Any CPU
	EndGlobalSection
	GlobalSection(SolutionProperties) = preSolution
		HideSolutionNode = FALSE
	EndGlobalSection
	GlobalSection(NestedProjects) = preSolution
		{47F0D8A5-9B48-4EE5-82D5-F4B7B5F54FE2} = {F6DB1B66-8A4B-421E-81F2-DB00EF468B59}
		{3788F596-5A5F-47F9-9C2F-7536A3BD51F9} = {F6DB1B66-8A4B-421E-81F2-DB00EF468B59}
		{C113A1A1-029A-43D7-B636-B3082F636910} = {F6DB1B66-8A4B-421E-81F2-DB00EF468B59}
		{F4FB76DF-2D0B-4A0C-B926-90E93B829BCB} = {F6DB1B66-8A4B-421E-81F2-DB00EF468B59}
		{6745F33A-7E62-4BEA-987A-9E4F31354CD6} = {F6DB1B66-8A4B-421E-81F2-DB00EF468B59}
		{0EB02EB4-83A9-4042-9AF6-AA9AEA267EC3} = {F6DB1B66-8A4B-421E-81F2-DB00EF468B59}
		{401C6BCA-95ED-41D6-A04E-D3CCE75F7387} = {F6DB1B66-8A4B-421E-81F2-DB00EF468B59}
		{EB39537A-1FC4-4F19-98B2-2421F485B805} = {F6DB1B66-8A4B-421E-81F2-DB00EF468B59}
		{11F4D885-7DBD-4E24-A320-8E125A717DEC} = {F6DB1B66-8A4B-421E-81F2-DB00EF468B59}
		{5AF28767-E9FA-411A-9B14-CEA09961DEAB} = {CDA5D56F-9052-40BC-98F1-48F04980EAD2}
		{FB4ED184-C60B-4AB5-A94B-0EF5447DFB33} = {F6DB1B66-8A4B-421E-81F2-DB00EF468B59}
	EndGlobalSection
	GlobalSection(ExtensibilityGlobals) = postSolution
		SolutionGuid = {8047892F-B408-4203-B8F7-C7B05E740890}
	EndGlobalSection
EndGlobal
